
Microsoft Visual Studio Solution File, Format Version 12.00
# Visual Studio 15
VisualStudioVersion = 15.0.28307.106
MinimumVisualStudioVersion = 10.0.40219.1
Project("{9A19103F-16F7-4668-BE54-9A1E7A4F7556}") = "TrieNet", "TrieNet\TrieNet.csproj", "{3327C5B2-A7FB-4104-BA95-2AA1E8EEE99B}"
EndProject
Project("{9A19103F-16F7-4668-BE54-9A1E7A4F7556}") = "TrieHouse", "TrieHouse\TrieHouse.csproj", "{FA81E0F5-5779-4A0D-9F66-24E19E0F54D9}"
EndProject
Global
	GlobalSection(SolutionConfigurationPlatforms) = preSolution
		Debug|Any CPU = Debug|Any CPU
		Release|Any CPU = Release|Any CPU
	EndGlobalSection
	GlobalSection(ProjectConfigurationPlatforms) = postSolution
		{3327C5B2-A7FB-4104-BA95-2AA1E8EEE99B}.Debug|Any CPU.ActiveCfg = Debug|Any CPU
		{3327C5B2-A7FB-4104-BA95-2AA1E8EEE99B}.Debug|Any CPU.Build.0 = Debug|Any CPU
		{3327C5B2-A7FB-4104-BA95-2AA1E8EEE99B}.Release|Any CPU.ActiveCfg = Release|Any CPU
		{3327C5B2-A7FB-4104-BA95-2AA1E8EEE99B}.Release|Any CPU.Build.0 = Release|Any CPU
		{FA81E0F5-5779-4A0D-9F66-24E19E0F54D9}.Debug|Any CPU.ActiveCfg = Debug|Any CPU
		{FA81E0F5-5779-4A0D-9F66-24E19E0F54D9}.Debug|Any CPU.Build.0 = Debug|Any CPU
		{FA81E0F5-5779-4A0D-9F66-24E19E0F54D9}.Release|Any CPU.ActiveCfg = Release|Any CPU
		{FA81E0F5-5779-4A0D-9F66-24E19E0F54D9}.Release|Any CPU.Build.0 = Release|Any CPU
	EndGlobalSection
	GlobalSection(SolutionProperties) = preSolution
		HideSolutionNode = FALSE
	EndGlobalSection
	GlobalSection(ExtensibilityGlobals) = postSolution
		SolutionGuid = {8EEE29E3-F656-4224-BF26-56605A05EB84}
	EndGlobalSection
EndGlobal
